
Microsoft Visual Studio Solution File, Format Version 12.00
# Visual Studio Version 17
VisualStudioVersion = 17.1.32421.90
MinimumVisualStudioVersion = 10.0.40219.1
Project("{FAE04EC0-301F-11D3-BF4B-00C04F79EFBC}") = "Phase-problem-main", "Phase-problem-main\Phase-problem-main.csproj", "{0072E0B9-6E4E-4CA3-BF65-3F4668BEA828}"
EndProject
Global
	GlobalSection(SolutionConfigurationPlatforms) = preSolution
		Debug|Any CPU = Debug|Any CPU
		Release|Any CPU = Release|Any CPU
	EndGlobalSection
	GlobalSection(ProjectConfigurationPlatforms) = postSolution
		{0072E0B9-6E4E-4CA3-BF65-3F4668BEA828}.Debug|Any CPU.ActiveCfg = Debug|Any CPU
		{0072E0B9-6E4E-4CA3-BF65-3F4668BEA828}.Debug|Any CPU.Build.0 = Debug|Any CPU
		{0072E0B9-6E4E-4CA3-BF65-3F4668BEA828}.Release|Any CPU.ActiveCfg = Release|Any CPU
		{0072E0B9-6E4E-4CA3-BF65-3F4668BEA828}.Release|Any CPU.Build.0 = Release|Any CPU
	EndGlobalSection
	GlobalSection(SolutionProperties) = preSolution
		HideSolutionNode = FALSE
	EndGlobalSection
	GlobalSection(ExtensibilityGlobals) = postSolution
		SolutionGuid = {FC1461CB-C657-4685-B176-9697096559D1}
	EndGlobalSection
EndGlobal
